PODS:
  - AppDeveloperKit (1.0.10):
    - AppDeveloperKit-Bonjour (= 1.0.10)
    - AppDeveloperKit-Utils (= 1.0.10)
  - AppDeveloperKit-Bonjour (1.0.10):
    - DTBonjour (= 1.1.3)
  - AppDeveloperKit-Utils (1.0.10)
  - DTBonjour (1.1.3)

DEPENDENCIES:
  - AppDeveloperKit

SPEC REPOS:
  https://github.com/CocoaPods/Specs.git:
    - AppDeveloperKit
    - AppDeveloperKit-Bonjour
    - AppDeveloperKit-Utils
    - DTBonjour

SPEC CHECKSUMS:
  AppDeveloperKit: c8f5c33430f9fc5ca84711c6ddd12df3ed214adc
  AppDeveloperKit-Bonjour: b098f39657c3bf3c50a65ff035ab6de7d5e4a770
  AppDeveloperKit-Utils: d561e3720467115584a96c4e82a28343886d3962
  DTBonjour: 5883d2f0459903096c6784f88c603c410002bbca

PODFILE CHECKSUM: bc698e5e5f7fa4581674e3f4477f1a6cf17b3b2b

COCOAPODS: 1.5.0
